
Microsoft Visual Studio Solution File, Format Version 12.00
# Visual Studio Version 17
VisualStudioVersion = 17.7.34024.191
MinimumVisualStudioVersion = 10.0.40219.1
Project("{FAE04EC0-301F-11D3-BF4B-00C04F79EFBC}") = "RestWithASPNETUdemy", "RestWithASPNETUdemy\RestWithASPNETUdemy.csproj", "{78EFB4AE-E121-448E-951E-B80E13C4FF50}"
EndProject
Global
	GlobalSection(SolutionConfigurationPlatforms) = preSolution
		Debug|Any CPU = Debug|Any CPU
		Release|Any CPU = Release|Any CPU
	EndGlobalSection
	GlobalSection(ProjectConfigurationPlatforms) = postSolution
		{78EFB4AE-E121-448E-951E-B80E13C4FF50}.Debug|Any CPU.ActiveCfg = Debug|Any CPU
		{78EFB4AE-E121-448E-951E-B80E13C4FF50}.Debug|Any CPU.Build.0 = Debug|Any CPU
		{78EFB4AE-E121-448E-951E-B80E13C4FF50}.Release|Any CPU.ActiveCfg = Release|Any CPU
		{78EFB4AE-E121-448E-951E-B80E13C4FF50}.Release|Any CPU.Build.0 = Release|Any CPU
	EndGlobalSection
	GlobalSection(SolutionProperties) = preSolution
		HideSolutionNode = FALSE
	EndGlobalSection
	GlobalSection(ExtensibilityGlobals) = postSolution
		SolutionGuid = {75228D05-4CC0-4BCE-B7FF-617B9073414A}
	EndGlobalSection
EndGlobal
